
Microsoft Visual Studio Solution File, Format Version 12.00
# Visual Studio Version 17
VisualStudioVersion = 17.4.33205.214
MinimumVisualStudioVersion = 10.0.40219.1
Project("{FAE04EC0-301F-11D3-BF4B-00C04F79EFBC}") = "DefectsUI", "DefectsUI\DefectsUI.csproj", "{7C487825-2F84-42C7-8FCD-2D27274602CD}"
EndProject
Global
	GlobalSection(SolutionConfigurationPlatforms) = preSolution
		Debug|Any CPU = Debug|Any CPU
		Release|Any CPU = Release|Any CPU
	EndGlobalSection
	GlobalSection(ProjectConfigurationPlatforms) = postSolution
		{7C487825-2F84-42C7-8FCD-2D27274602CD}.Debug|Any CPU.ActiveCfg = Debug|Any CPU
		{7C487825-2F84-42C7-8FCD-2D27274602CD}.Debug|Any CPU.Build.0 = Debug|Any CPU
		{7C487825-2F84-42C7-8FCD-2D27274602CD}.Release|Any CPU.ActiveCfg = Release|Any CPU
		{7C487825-2F84-42C7-8FCD-2D27274602CD}.Release|Any CPU.Build.0 = Release|Any CPU
	EndGlobalSection
	GlobalSection(SolutionProperties) = preSolution
		HideSolutionNode = FALSE
	EndGlobalSection
	GlobalSection(ExtensibilityGlobals) = postSolution
		SolutionGuid = {453AB527-34CC-4376-A8A9-43A75EEB710F}
	EndGlobalSection
EndGlobal
